{
  "nodes": {
    "nixpkgs": {
      "locked": {
        "lastModified": 1694561237,
        "narHash": "sha256-PkzDXGtJwYcgJTlGlTSTQ5i5EBCCd3B2K46EXT7sjVY=",
        "owner": "NixOS",
        "repo": "nixpkgs",
        "rev": "97b8d3eeb052824f240c19632824b5260a0e705a",
        "type": "github"
      },
      "original": {
        "owner": "NixOS",
        "ref": "release-23.05",
        "repo": "nixpkgs",
        "type": "github"
      }
    },
    "root": {
      "inputs": {
        "nixpkgs": "nixpkgs"
      }
    }
  },
  "root": "root",
  "version": 7
}
