# This file was autogenerated by Stack.
# You should not edit this file by hand.
# For more information, please see the documentation at:
#   https://docs.haskellstack.org/en/stable/lock_files

packages:
- completed:
    hackage: bytestring-progress-1.2@sha256:57854dc62fd48daf3fc24629d19f05e58841f152b6a20e677c84d34b7a264934,1151
    pantry-tree:
      sha256: e990b24deded845cf13a336037a0a2edbc444290677a18ad81863bca5530a8e2
      size: 360
  original:
    hackage: bytestring-progress-1.2
- completed:
    hackage: terminal-progress-bar-0.4.0.1@sha256:ef97018e0a6cf496e2c14f93f29e0c343ff3ffee647505f0fa01e310983a9723,2391
    pantry-tree:
      sha256: 856144d2494ca098a6c9af203562861f6a6da8df9d4a7e28c3e6fc9fd2d1a2b0
      size: 393
  original:
    hackage: terminal-progress-bar-0.4.0.1
snapshots:
- completed:
    sha256: 60e54c1ba3c1e7163acf6dafa9d56b2d3b23f88a31ad53a1c9d888f32561f8da
    size: 639819
    url: https://raw.githubusercontent.com/commercialhaskell/stackage-snapshots/master/lts/21/14.yaml
  original: lts-21.14
